
Microsoft Visual Studio Solution File, Format Version 12.00
# Visual Studio 2012
Project("{FAE04EC0-301F-11D3-BF4B-00C04F79EFBC}") = "JiraGUI", "JiraGUI\JiraGUI.csproj", "{9381984A-8DA7-4F17-B754-54ABAC55CC72}"
EndProject
Global
	GlobalSection(SolutionConfigurationPlatforms) = preSolution
		Debug|Any CPU = Debug|Any CPU
		Release|Any CPU = Release|Any CPU
	EndGlobalSection
	GlobalSection(ProjectConfigurationPlatforms) = postSolution
		{9381984A-8DA7-4F17-B754-54ABAC55CC72}.Debug|Any CPU.ActiveCfg = Debug|Any CPU
		{9381984A-8DA7-4F17-B754-54ABAC55CC72}.Debug|Any CPU.Build.0 = Debug|Any CPU
		{9381984A-8DA7-4F17-B754-54ABAC55CC72}.Release|Any CPU.ActiveCfg = Release|Any CPU
		{9381984A-8DA7-4F17-B754-54ABAC55CC72}.Release|Any CPU.Build.0 = Release|Any CPU
	EndGlobalSection
	GlobalSection(SolutionProperties) = preSolution
		HideSolutionNode = FALSE
	EndGlobalSection
EndGlobal
